
Microsoft Visual Studio Solution File, Format Version 12.00
# Visual Studio Version 16
VisualStudioVersion = 16.0.34301.259
MinimumVisualStudioVersion = 10.0.40219.1
Project("{FAE04EC0-301F-11D3-BF4B-00C04F79EFBC}") = "OnTapTX2", "OnTapTX2\OnTapTX2.csproj", "{92422059-7E94-4CE6-8A6F-B3EE521A72E0}"
EndProject
Global
	GlobalSection(SolutionConfigurationPlatforms) = preSolution
		Debug|Any CPU = Debug|Any CPU
		Release|Any CPU = Release|Any CPU
	EndGlobalSection
	GlobalSection(ProjectConfigurationPlatforms) = postSolution
		{92422059-7E94-4CE6-8A6F-B3EE521A72E0}.Debug|Any CPU.ActiveCfg = Debug|Any CPU
		{92422059-7E94-4CE6-8A6F-B3EE521A72E0}.Debug|Any CPU.Build.0 = Debug|Any CPU
		{92422059-7E94-4CE6-8A6F-B3EE521A72E0}.Release|Any CPU.ActiveCfg = Release|Any CPU
		{92422059-7E94-4CE6-8A6F-B3EE521A72E0}.Release|Any CPU.Build.0 = Release|Any CPU
	EndGlobalSection
	GlobalSection(SolutionProperties) = preSolution
		HideSolutionNode = FALSE
	EndGlobalSection
	GlobalSection(ExtensibilityGlobals) = postSolution
		SolutionGuid = {E5471197-0E85-4C10-BBA6-00E631CDEF73}
	EndGlobalSection
EndGlobal
