
Microsoft Visual Studio Solution File, Format Version 12.00
# Visual Studio Version 16
VisualStudioVersion = 16.0.34301.259
MinimumVisualStudioVersion = 10.0.40219.1
Project("{FAE04EC0-301F-11D3-BF4B-00C04F79EFBC}") = "Bai4", "Bai4\Bai4.csproj", "{D9279F1E-6C27-4174-8618-25157FA9940C}"
EndProject
Project("{FAE04EC0-301F-11D3-BF4B-00C04F79EFBC}") = "baitap1", "baitap1\baitap1.csproj", "{FC6AA0CE-4384-4EFF-97C8-0001792ECD8B}"
EndProject
Project("{FAE04EC0-301F-11D3-BF4B-00C04F79EFBC}") = "baitap2", "baitap2\baitap2.csproj", "{2C9A994E-B50A-4AEC-B194-2B55E1AF8066}"
EndProject
Global
	GlobalSection(SolutionConfigurationPlatforms) = preSolution
		Debug|Any CPU = Debug|Any CPU
		Release|Any CPU = Release|Any CPU
	EndGlobalSection
	GlobalSection(ProjectConfigurationPlatforms) = postSolution
		{D9279F1E-6C27-4174-8618-25157FA9940C}.Debug|Any CPU.ActiveCfg = Debug|Any CPU
		{D9279F1E-6C27-4174-8618-25157FA9940C}.Debug|Any CPU.Build.0 = Debug|Any CPU
		{D9279F1E-6C27-4174-8618-25157FA9940C}.Release|Any CPU.ActiveCfg = Release|Any CPU
		{D9279F1E-6C27-4174-8618-25157FA9940C}.Release|Any CPU.Build.0 = Release|Any CPU
		{FC6AA0CE-4384-4EFF-97C8-0001792ECD8B}.Debug|Any CPU.ActiveCfg = Debug|Any CPU
		{FC6AA0CE-4384-4EFF-97C8-0001792ECD8B}.Debug|Any CPU.Build.0 = Debug|Any CPU
		{FC6AA0CE-4384-4EFF-97C8-0001792ECD8B}.Release|Any CPU.ActiveCfg = Release|Any CPU
		{FC6AA0CE-4384-4EFF-97C8-0001792ECD8B}.Release|Any CPU.Build.0 = Release|Any CPU
		{2C9A994E-B50A-4AEC-B194-2B55E1AF8066}.Debug|Any CPU.ActiveCfg = Debug|Any CPU
		{2C9A994E-B50A-4AEC-B194-2B55E1AF8066}.Debug|Any CPU.Build.0 = Debug|Any CPU
		{2C9A994E-B50A-4AEC-B194-2B55E1AF8066}.Release|Any CPU.ActiveCfg = Release|Any CPU
		{2C9A994E-B50A-4AEC-B194-2B55E1AF8066}.Release|Any CPU.Build.0 = Release|Any CPU
	EndGlobalSection
	GlobalSection(SolutionProperties) = preSolution
		HideSolutionNode = FALSE
	EndGlobalSection
	GlobalSection(ExtensibilityGlobals) = postSolution
		SolutionGuid = {6098A2CB-037D-48B5-8083-B3F555868CF5}
	EndGlobalSection
EndGlobal
